%{"floki": {:git, "https://github.com/philss/floki", "ca37730b454b966c4d7f4a1fdbf440e8305e058c", []},
  "hexate": {:hex, :hexate, "0.5.1", "e1e4403ab6d6a0e29e94f95c3d19ed789ddb7a050935653d56e61f728fb99174", [:mix], [], "hexpm"},
  "mochiweb": {:hex, :mochiweb, "2.12.2", "80804ad342afa3d7f3524040d4eed66ce74b17a555de454ac85b07c479928e46", [:make, :rebar], [], "hexpm"}}
